
Microsoft Visual Studio Solution File, Format Version 12.00
# Visual Studio Version 16
VisualStudioVersion = 16.0.30204.135
MinimumVisualStudioVersion = 10.0.40219.1
Project("{FAE04EC0-301F-11D3-BF4B-00C04F79EFBC}") = "kruhobvodobsah", "kruhobvodobsah\kruhobvodobsah.csproj", "{6747921A-68EB-40A6-A7E6-B3880B87466C}"
EndProject
Global
	GlobalSection(SolutionConfigurationPlatforms) = preSolution
		Debug|Any CPU = Debug|Any CPU
		Release|Any CPU = Release|Any CPU
	EndGlobalSection
	GlobalSection(ProjectConfigurationPlatforms) = postSolution
		{6747921A-68EB-40A6-A7E6-B3880B87466C}.Debug|Any CPU.ActiveCfg = Debug|Any CPU
		{6747921A-68EB-40A6-A7E6-B3880B87466C}.Debug|Any CPU.Build.0 = Debug|Any CPU
		{6747921A-68EB-40A6-A7E6-B3880B87466C}.Release|Any CPU.ActiveCfg = Release|Any CPU
		{6747921A-68EB-40A6-A7E6-B3880B87466C}.Release|Any CPU.Build.0 = Release|Any CPU
	EndGlobalSection
	GlobalSection(SolutionProperties) = preSolution
		HideSolutionNode = FALSE
	EndGlobalSection
	GlobalSection(ExtensibilityGlobals) = postSolution
		SolutionGuid = {EE291E74-9A92-49B1-B02D-B2FBE4F4533A}
	EndGlobalSection
EndGlobal
